{
  "name": "aoe-agent",
  "version": "0.0.1",
  "lockfileVersion": 3,
  "requires": true,
  "packages": {
    "": {
      "name": "aoe-agent",
      "version": "0.0.1",
      "license": "MIT",
      "dependencies": {
        "@agentclientprotocol/sdk": "^0.29.0",
        "@ai-sdk/anthropic": "^3.0.94",
        "@ai-sdk/google": "^3.0.89",
        "@ai-sdk/openai": "^3.0.81",
        "@ai-sdk/openai-compatible": "^2.0.57",
        "ai": "^6.0.220",
        "zod": "^4.4.3"
      },
      "bin": {
        "aoe-agent": "src/index.ts"
      },
      "engines": {
        "node": ">=22.0.0"
      }
    },
    "node_modules/@agentclientprotocol/sdk": {
      "version": "0.29.0",
      "resolved": "https://registry.npmjs.org/@agentclientprotocol/sdk/-/sdk-0.29.0.tgz",
      "integrity": "sha512-Sb8xJ/cIhqlvxeJiB0+1scBk0LAkVAwJ9WAFG9XCe3LEI5JWAyOxbqaCa8O1HmNnrk4+qHN11eaKH6zL2iHIYA==",
      "license": "Apache-2.0",
      "peerDependencies": {
        "zod": "^3.25.0 || ^4.0.0"
      }
    },
    "node_modules/@ai-sdk/anthropic": {
      "version": "3.0.94",
      "resolved": "https://registry.npmjs.org/@ai-sdk/anthropic/-/anthropic-3.0.94.tgz",
      "integrity": "sha512-sRENM4zDL4Cd/TBifbZ/X88Vv9vK8r7G5f2DDMi69+89QjXOVtASWj7y2d3kYBPGPEGHWHkSKq/nQ+pSYWY14w==",
      "license": "Apache-2.0",
      "dependencies": {
        "@ai-sdk/provider": "3.0.13",
        "@ai-sdk/provider-utils": "4.0.36"
      },
      "engines": {
        "node": ">=18"
      },
      "peerDependencies": {
        "zod": "^3.25.76 || ^4.1.8"
      }
    },
    "node_modules/@ai-sdk/gateway": {
      "version": "3.0.144",
      "resolved": "https://registry.npmjs.org/@ai-sdk/gateway/-/gateway-3.0.144.tgz",
      "integrity": "sha512-U0B6LI+12JNN7rCzYQ5hlaKJCMypFldnLBLzJSgioC4Z6hrCLA8K6ICl2MfRfpLfo9yz2EN30chgo/89RDe5ZQ==",
      "license": "Apache-2.0",
      "dependencies": {
        "@ai-sdk/provider": "3.0.13",
        "@ai-sdk/provider-utils": "4.0.36",
        "@vercel/oidc": "3.2.0"
      },
      "engines": {
        "node": ">=18"
      },
      "peerDependencies": {
        "zod": "^3.25.76 || ^4.1.8"
      }
    },
    "node_modules/@ai-sdk/google": {
      "version": "3.0.89",
      "resolved": "https://registry.npmjs.org/@ai-sdk/google/-/google-3.0.89.tgz",
      "integrity": "sha512-/FCPSbFqSdrDmhLoLf2e0dnQMoZWEciBAut5qcRJ+DKpa4TIfKOqCEUOmPI9DOuPzKPgVnUWUfmFFXpAlnhxCw==",
      "license": "Apache-2.0",
      "dependencies": {
        "@ai-sdk/provider": "3.0.13",
        "@ai-sdk/provider-utils": "4.0.36"
      },
      "engines": {
        "node": ">=18"
      },
      "peerDependencies": {
        "zod": "^3.25.76 || ^4.1.8"
      }
    },
    "node_modules/@ai-sdk/openai": {
      "version": "3.0.81",
      "resolved": "https://registry.npmjs.org/@ai-sdk/openai/-/openai-3.0.81.tgz",
      "integrity": "sha512-VarNyiLU5nSbyVQw3M8HUzw/UlnWfGA5LpZsA35rq2oC/lD4Oqg2VC+qgV3w39hhTwpqfouYO59pKF4yaFVlYg==",
      "license": "Apache-2.0",
      "dependencies": {
        "@ai-sdk/provider": "3.0.13",
        "@ai-sdk/provider-utils": "4.0.36"
      },
      "engines": {
        "node": ">=18"
      },
      "peerDependencies": {
        "zod": "^3.25.76 || ^4.1.8"
      }
    },
    "node_modules/@ai-sdk/openai-compatible": {
      "version": "2.0.57",
      "resolved": "https://registry.npmjs.org/@ai-sdk/openai-compatible/-/openai-compatible-2.0.57.tgz",
      "integrity": "sha512-Qt4GfVxKT70YxlDHJeHQ72pO4+Dj8lPGB76+4dENHOrTZp7L24eRIo9mljOLXU8WFZf0uv49bF6CfLnefHMPiw==",
      "license": "Apache-2.0",
      "dependencies": {
        "@ai-sdk/provider": "3.0.13",
        "@ai-sdk/provider-utils": "4.0.36"
      },
      "engines": {
        "node": ">=18"
      },
      "peerDependencies": {
        "zod": "^3.25.76 || ^4.1.8"
      }
    },
    "node_modules/@ai-sdk/provider": {
      "version": "3.0.13",
      "resolved": "https://registry.npmjs.org/@ai-sdk/provider/-/provider-3.0.13.tgz",
      "integrity": "sha512-ZPtVYt5QIJzOta1kdUiDuCx4HhFkvNPv/rvmZ2b1iXwybYjJsCnNYR4PAw4kW7rgVfDARvHXcU64efWuqNp6bw==",
      "license": "Apache-2.0",
      "dependencies": {
        "json-schema": "^0.4.0"
      },
      "engines": {
        "node": ">=18"
      }
    },
    "node_modules/@ai-sdk/provider-utils": {
      "version": "4.0.36",
      "resolved": "https://registry.npmjs.org/@ai-sdk/provider-utils/-/provider-utils-4.0.36.tgz",
      "integrity": "sha512-hy0V+eyKcYyjmIxdcSh1jvy4+zNC7DbP0/V45jkRmfVnz+lI6GslT0qsd0V/bfJKo/A+P2t1tYFypTQJdOH1Sg==",
      "license": "Apache-2.0",
      "dependencies": {
        "@ai-sdk/provider": "3.0.13",
        "@standard-schema/spec": "^1.1.0",
        "eventsource-parser": "^3.0.8"
      },
      "engines": {
        "node": ">=18"
      },
      "peerDependencies": {
        "zod": "^3.25.76 || ^4.1.8"
      }
    },
    "node_modules/@opentelemetry/api": {
      "version": "1.9.0",
      "resolved": "https://registry.npmjs.org/@opentelemetry/api/-/api-1.9.0.tgz",
      "integrity": "sha512-3giAOQvZiH5F9bMlMiv8+GSPMeqg0dbaeo58/0SlA9sxSqZhnUtxzX9/2FzyhS9sWQf5S0GJE0AKBrFqjpeYcg==",
      "license": "Apache-2.0",
      "engines": {
        "node": ">=8.0.0"
      }
    },
    "node_modules/@standard-schema/spec": {
      "version": "1.1.0",
      "resolved": "https://registry.npmjs.org/@standard-schema/spec/-/spec-1.1.0.tgz",
      "integrity": "sha512-l2aFy5jALhniG5HgqrD6jXLi/rUWrKvqN/qJx6yoJsgKhblVd+iqqU4RCXavm/jPityDo5TCvKMnpjKnOriy0w==",
      "license": "MIT"
    },
    "node_modules/@vercel/oidc": {
      "version": "3.2.0",
      "resolved": "https://registry.npmjs.org/@vercel/oidc/-/oidc-3.2.0.tgz",
      "integrity": "sha512-UycprH3T6n3jH0k44NHMa7pnFHGu/N05MjojYr+Mc6I7obkoLIJujSWwin1pCvdy/eOxrI/l3uDLQsmcrOb4ug==",
      "license": "Apache-2.0",
      "engines": {
        "node": ">= 20"
      }
    },
    "node_modules/ai": {
      "version": "6.0.220",
      "resolved": "https://registry.npmjs.org/ai/-/ai-6.0.220.tgz",
      "integrity": "sha512-S0zifFbegc4CjfEo3nsEtBraXP22JKchN5SkcLDvIUNCefkWavmp8pPF0ey1yipBPRdTF7oy7EchLIZM1HmtuQ==",
      "license": "Apache-2.0",
      "dependencies": {
        "@ai-sdk/gateway": "3.0.144",
        "@ai-sdk/provider": "3.0.13",
        "@ai-sdk/provider-utils": "4.0.36",
        "@opentelemetry/api": "^1.9.0"
      },
      "engines": {
        "node": ">=18"
      },
      "peerDependencies": {
        "zod": "^3.25.76 || ^4.1.8"
      }
    },
    "node_modules/eventsource-parser": {
      "version": "3.0.8",
      "resolved": "https://registry.npmjs.org/eventsource-parser/-/eventsource-parser-3.0.8.tgz",
      "integrity": "sha512-70QWGkr4snxr0OXLRWsFLeRBIRPuQOvt4s8QYjmUlmlkyTZkRqS7EDVRZtzU3TiyDbXSzaOeF0XUKy8PchzukQ==",
      "license": "MIT",
      "engines": {
        "node": ">=18.0.0"
      }
    },
    "node_modules/json-schema": {
      "version": "0.4.0",
      "resolved": "https://registry.npmjs.org/json-schema/-/json-schema-0.4.0.tgz",
      "integrity": "sha512-es94M3nTIfsEPisRafak+HDLfHXnKBhV3vU5eqPcS3flIWqcxJWgXHXiey3YrpaNsanY5ei1VoYEbOzijuq9BA==",
      "license": "(AFL-2.1 OR BSD-3-Clause)"
    },
    "node_modules/zod": {
      "version": "4.4.3",
      "resolved": "https://registry.npmjs.org/zod/-/zod-4.4.3.tgz",
      "integrity": "sha512-ytENFjIJFl2UwYglde2jchW2Hwm4GJFLDiSXWdTrJQBIN9Fcyp7n4DhxJEiWNAJMV1/BqWfW/kkg71UDcHJyTQ==",
      "license": "MIT",
      "funding": {
        "url": "https://github.com/sponsors/colinhacks"
      }
    }
  }
}
