{
  "name": "aoe-agent",
  "version": "0.0.1",
  "lockfileVersion": 3,
  "requires": true,
  "packages": {
    "": {
      "name": "aoe-agent",
      "version": "0.0.1",
      "license": "MIT",
      "dependencies": {
        "@agentclientprotocol/sdk": "^0.28.1",
        "@ai-sdk/anthropic": "^3.0.89",
        "@ai-sdk/google": "^3.0.86",
        "@ai-sdk/openai": "^3.0.77",
        "@ai-sdk/openai-compatible": "^2.0.54",
        "ai": "^6.0.214",
        "zod": "^4.4.3"
      },
      "bin": {
        "aoe-agent": "src/index.ts"
      },
      "engines": {
        "node": ">=22.0.0"
      }
    },
    "node_modules/@agentclientprotocol/sdk": {
      "version": "0.28.1",
      "resolved": "https://registry.npmjs.org/@agentclientprotocol/sdk/-/sdk-0.28.1.tgz",
      "integrity": "sha512-Z2Frs6YtPhnZZ+XwFXyQkRDXY0fn8FjCalEs0W4yUhQnY4TztmNq0/RnfzWdFN3vqT3h0jTz5klzYbZHGxCDyQ==",
      "license": "Apache-2.0",
      "peerDependencies": {
        "zod": "^3.25.0 || ^4.0.0"
      }
    },
    "node_modules/@ai-sdk/anthropic": {
      "version": "3.0.89",
      "resolved": "https://registry.npmjs.org/@ai-sdk/anthropic/-/anthropic-3.0.89.tgz",
      "integrity": "sha512-Vbnyq8YO36XUKwcrZRS9T9GAJ0obPGTCX0AYFHfToD/4YdkYXxIYxb4BNjNwW0QPuPEs/1leBM4fnHpTOn5wKA==",
      "license": "Apache-2.0",
      "dependencies": {
        "@ai-sdk/provider": "3.0.12",
        "@ai-sdk/provider-utils": "4.0.33"
      },
      "engines": {
        "node": ">=18"
      },
      "peerDependencies": {
        "zod": "^3.25.76 || ^4.1.8"
      }
    },
    "node_modules/@ai-sdk/gateway": {
      "version": "3.0.139",
      "resolved": "https://registry.npmjs.org/@ai-sdk/gateway/-/gateway-3.0.139.tgz",
      "integrity": "sha512-RFpxyh5j9g7ZMfKxhiwCcF7bGU872o3JvoiIqZbHOM4qkR4RCzeKJF+k+zHomcJYGeUabEbeMXTKNASzz4Toxw==",
      "license": "Apache-2.0",
      "dependencies": {
        "@ai-sdk/provider": "3.0.12",
        "@ai-sdk/provider-utils": "4.0.33",
        "@vercel/oidc": "3.2.0"
      },
      "engines": {
        "node": ">=18"
      },
      "peerDependencies": {
        "zod": "^3.25.76 || ^4.1.8"
      }
    },
    "node_modules/@ai-sdk/google": {
      "version": "3.0.86",
      "resolved": "https://registry.npmjs.org/@ai-sdk/google/-/google-3.0.86.tgz",
      "integrity": "sha512-NZoFXTdK2/C7VuuGhAatoQ/wSiIvxVzw4Xr0AvcD3cotS5+iP/y0eN1J12pvFSZv+nAHa2Xl7xvFHDadzeU90g==",
      "license": "Apache-2.0",
      "dependencies": {
        "@ai-sdk/provider": "3.0.12",
        "@ai-sdk/provider-utils": "4.0.33"
      },
      "engines": {
        "node": ">=18"
      },
      "peerDependencies": {
        "zod": "^3.25.76 || ^4.1.8"
      }
    },
    "node_modules/@ai-sdk/openai": {
      "version": "3.0.77",
      "resolved": "https://registry.npmjs.org/@ai-sdk/openai/-/openai-3.0.77.tgz",
      "integrity": "sha512-DK0sGy/9j6KhgSrdhSKplTo3qf5frzGjLNYo9DVloH37L6DT42AxR/26UVCCoTEjR+WdsA9svm+5cT3Aye9NTg==",
      "license": "Apache-2.0",
      "dependencies": {
        "@ai-sdk/provider": "3.0.12",
        "@ai-sdk/provider-utils": "4.0.33"
      },
      "engines": {
        "node": ">=18"
      },
      "peerDependencies": {
        "zod": "^3.25.76 || ^4.1.8"
      }
    },
    "node_modules/@ai-sdk/openai-compatible": {
      "version": "2.0.54",
      "resolved": "https://registry.npmjs.org/@ai-sdk/openai-compatible/-/openai-compatible-2.0.54.tgz",
      "integrity": "sha512-OyXt0zK8y2/ZIyWlbxTv2r1M7AK227S+Gl4BYOEF42q0wz1n5m4fwR8L4Fy/MQ4Ho6xje47MPsFcRdIqIyP6Rw==",
      "license": "Apache-2.0",
      "dependencies": {
        "@ai-sdk/provider": "3.0.12",
        "@ai-sdk/provider-utils": "4.0.33"
      },
      "engines": {
        "node": ">=18"
      },
      "peerDependencies": {
        "zod": "^3.25.76 || ^4.1.8"
      }
    },
    "node_modules/@ai-sdk/provider": {
      "version": "3.0.12",
      "resolved": "https://registry.npmjs.org/@ai-sdk/provider/-/provider-3.0.12.tgz",
      "integrity": "sha512-sj9DWTJ2Ze0WR9qsiOPqoqzNx3OxL6iMxHImbhvoe9qOspekbzxNDMiJ4TIGfYHYh9w4OmBjz3prvqhzTi96+Q==",
      "license": "Apache-2.0",
      "dependencies": {
        "json-schema": "^0.4.0"
      },
      "engines": {
        "node": ">=18"
      }
    },
    "node_modules/@ai-sdk/provider-utils": {
      "version": "4.0.33",
      "resolved": "https://registry.npmjs.org/@ai-sdk/provider-utils/-/provider-utils-4.0.33.tgz",
      "integrity": "sha512-nJ0bAfegMAIJtrzMJtbzer1cS3nb7c7DsyU1S4nrPm7ZU0Mn6SBBZv5IGZZGTbpWTJwqKTSPeZJTXalbAxt1BA==",
      "license": "Apache-2.0",
      "dependencies": {
        "@ai-sdk/provider": "3.0.12",
        "@standard-schema/spec": "^1.1.0",
        "eventsource-parser": "^3.0.8"
      },
      "engines": {
        "node": ">=18"
      },
      "peerDependencies": {
        "zod": "^3.25.76 || ^4.1.8"
      }
    },
    "node_modules/@opentelemetry/api": {
      "version": "1.9.0",
      "resolved": "https://registry.npmjs.org/@opentelemetry/api/-/api-1.9.0.tgz",
      "integrity": "sha512-3giAOQvZiH5F9bMlMiv8+GSPMeqg0dbaeo58/0SlA9sxSqZhnUtxzX9/2FzyhS9sWQf5S0GJE0AKBrFqjpeYcg==",
      "license": "Apache-2.0",
      "engines": {
        "node": ">=8.0.0"
      }
    },
    "node_modules/@standard-schema/spec": {
      "version": "1.1.0",
      "resolved": "https://registry.npmjs.org/@standard-schema/spec/-/spec-1.1.0.tgz",
      "integrity": "sha512-l2aFy5jALhniG5HgqrD6jXLi/rUWrKvqN/qJx6yoJsgKhblVd+iqqU4RCXavm/jPityDo5TCvKMnpjKnOriy0w==",
      "license": "MIT"
    },
    "node_modules/@vercel/oidc": {
      "version": "3.2.0",
      "resolved": "https://registry.npmjs.org/@vercel/oidc/-/oidc-3.2.0.tgz",
      "integrity": "sha512-UycprH3T6n3jH0k44NHMa7pnFHGu/N05MjojYr+Mc6I7obkoLIJujSWwin1pCvdy/eOxrI/l3uDLQsmcrOb4ug==",
      "license": "Apache-2.0",
      "engines": {
        "node": ">= 20"
      }
    },
    "node_modules/ai": {
      "version": "6.0.214",
      "resolved": "https://registry.npmjs.org/ai/-/ai-6.0.214.tgz",
      "integrity": "sha512-9MlePEXT5pXtQv4fXqmiR0RG3DZU4Dbv+kU9ktEJC2COi2RH2WvI2GiyG9MuCqgPII6f1w+5kB5fNIiArqPzaQ==",
      "license": "Apache-2.0",
      "dependencies": {
        "@ai-sdk/gateway": "3.0.139",
        "@ai-sdk/provider": "3.0.12",
        "@ai-sdk/provider-utils": "4.0.33",
        "@opentelemetry/api": "^1.9.0"
      },
      "engines": {
        "node": ">=18"
      },
      "peerDependencies": {
        "zod": "^3.25.76 || ^4.1.8"
      }
    },
    "node_modules/eventsource-parser": {
      "version": "3.0.8",
      "resolved": "https://registry.npmjs.org/eventsource-parser/-/eventsource-parser-3.0.8.tgz",
      "integrity": "sha512-70QWGkr4snxr0OXLRWsFLeRBIRPuQOvt4s8QYjmUlmlkyTZkRqS7EDVRZtzU3TiyDbXSzaOeF0XUKy8PchzukQ==",
      "license": "MIT",
      "engines": {
        "node": ">=18.0.0"
      }
    },
    "node_modules/json-schema": {
      "version": "0.4.0",
      "resolved": "https://registry.npmjs.org/json-schema/-/json-schema-0.4.0.tgz",
      "integrity": "sha512-es94M3nTIfsEPisRafak+HDLfHXnKBhV3vU5eqPcS3flIWqcxJWgXHXiey3YrpaNsanY5ei1VoYEbOzijuq9BA==",
      "license": "(AFL-2.1 OR BSD-3-Clause)"
    },
    "node_modules/zod": {
      "version": "4.4.3",
      "resolved": "https://registry.npmjs.org/zod/-/zod-4.4.3.tgz",
      "integrity": "sha512-ytENFjIJFl2UwYglde2jchW2Hwm4GJFLDiSXWdTrJQBIN9Fcyp7n4DhxJEiWNAJMV1/BqWfW/kkg71UDcHJyTQ==",
      "license": "MIT",
      "funding": {
        "url": "https://github.com/sponsors/colinhacks"
      }
    }
  }
}
